
Microsoft Visual Studio Solution File, Format Version 12.00
# Visual Studio 2012
Project("{FAE04EC0-301F-11D3-BF4B-00C04F79EFBC}") = "tweetz5", "tweetz5\tweetz5.csproj", "{2A7FFB62-91CD-4498-9F2D-8830B8B597C2}"
EndProject
Project("{FAE04EC0-301F-11D3-BF4B-00C04F79EFBC}") = "tweetz5tests", "Tweetz5Tests\tweetz5tests.csproj", "{E8BEE548-1A36-43F5-9EE0-22F31FD8CEDF}"
EndProject
Global
	GlobalSection(TeamFoundationVersionControl) = preSolution
		SccNumberOfProjects = 3
		SccEnterpriseProvider = {4CA58AB2-18FA-4F8D-95D4-32DDF27D184C}
		SccTeamFoundationServer = https://blueonionsoftware.visualstudio.com/defaultcollection
		SccLocalPath0 = .
		SccProjectUniqueName1 = tweetz5\\tweetz5.csproj
		SccProjectName1 = tweetz5
		SccLocalPath1 = tweetz5
		SccProjectUniqueName2 = Tweetz5Tests\\Tweetz5Tests.csproj
		SccProjectName2 = Tweetz5Tests
		SccLocalPath2 = Tweetz5Tests
	EndGlobalSection
	GlobalSection(SolutionConfigurationPlatforms) = preSolution
		Debug|Any CPU = Debug|Any CPU
		Release|Any CPU = Release|Any CPU
	EndGlobalSection
	GlobalSection(ProjectConfigurationPlatforms) = postSolution
		{2A7FFB62-91CD-4498-9F2D-8830B8B597C2}.Debug|Any CPU.ActiveCfg = Debug|Any CPU
		{2A7FFB62-91CD-4498-9F2D-8830B8B597C2}.Debug|Any CPU.Build.0 = Debug|Any CPU
		{2A7FFB62-91CD-4498-9F2D-8830B8B597C2}.Release|Any CPU.ActiveCfg = Release|Any CPU
		{2A7FFB62-91CD-4498-9F2D-8830B8B597C2}.Release|Any CPU.Build.0 = Release|Any CPU
		{E8BEE548-1A36-43F5-9EE0-22F31FD8CEDF}.Debug|Any CPU.ActiveCfg = Debug|Any CPU
		{E8BEE548-1A36-43F5-9EE0-22F31FD8CEDF}.Debug|Any CPU.Build.0 = Debug|Any CPU
		{E8BEE548-1A36-43F5-9EE0-22F31FD8CEDF}.Release|Any CPU.ActiveCfg = Release|Any CPU
		{E8BEE548-1A36-43F5-9EE0-22F31FD8CEDF}.Release|Any CPU.Build.0 = Release|Any CPU
	EndGlobalSection
	GlobalSection(SolutionProperties) = preSolution
		HideSolutionNode = FALSE
	EndGlobalSection
EndGlobal
